lockfileVersion: 5.4

specifiers:
  '@types/node': ^17.0.35
  '@vue/compiler-sfc': ^3.2.33
  magic-string: ^0.26.2

dependencies:
  '@vue/compiler-sfc': 3.2.34
  magic-string: 0.26.2

devDependencies:
  '@types/node': 17.0.35

packages:

  /@babel/helper-validator-identifier/7.16.7:
    resolution: {integrity: sha512-hsEnFemeiW4D08A5gUAZxLBTXpZ39P+a+DGDsHw1yxqyQ/jzFEnxf5uTEGp+3bzAbNOxU1paTgYS4ECU/IgfDw==}
    engines: {node: '>=6.9.0'}
    dev: false

  /@babel/parser/7.17.12:
    resolution: {integrity: sha512-FLzHmN9V3AJIrWfOpvRlZCeVg/WLdicSnTMsLur6uDj9TT8ymUlG9XxURdW/XvuygK+2CW0poOJABdA4m/YKxA==}
    engines: {node: '>=6.0.0'}
    hasBin: true
    dependencies:
      '@babel/types': 7.17.12
    dev: false

  /@babel/types/7.17.12:
    resolution: {integrity: sha512-rH8i29wcZ6x9xjzI5ILHL/yZkbQnCERdHlogKuIb4PUr7do4iT8DPekrTbBLWTnRQm6U0GYABbTMSzijmEqlAg==}
    engines: {node: '>=6.9.0'}
    dependencies:
      '@babel/helper-validator-identifier': 7.16.7
      to-fast-properties: 2.0.0
    dev: false

  /@types/node/17.0.35:
    resolution: {integrity: sha512-vu1SrqBjbbZ3J6vwY17jBs8Sr/BKA+/a/WtjRG+whKg1iuLFOosq872EXS0eXWILdO36DHQQeku/ZcL6hz2fpg==}
    dev: true

  /@vue/compiler-core/3.2.34:
    resolution: {integrity: sha512-Y53lv04ZhDfqflhk4yEgBZrCL1RipbxqmqJFfl1PRkjOzt0bvJpf1sCNN81QNfXohVwFGf+Hng2ztwLwOZgbuA==}
    dependencies:
      '@babel/parser': 7.17.12
      '@vue/shared': 3.2.34
      estree-walker: 2.0.2
      source-map: 0.6.1
    dev: false

  /@vue/compiler-dom/3.2.34:
    resolution: {integrity: sha512-MFLUYDgy0aES9x1goU/pgxpzgT9IZOndO8qwQVSyVfUvl/CywEBtfBi5+8fsiBDhoGIT7g8qcsUUF1NYViU2vQ==}
    dependencies:
      '@vue/compiler-core': 3.2.34
      '@vue/shared': 3.2.34
    dev: false

  /@vue/compiler-sfc/3.2.34:
    resolution: {integrity: sha512-I+vT4soKJtdsoREBDYAcz56+yGpZ5T3GUigvBFgC2yTeTtBtREOPzYw8kZyMuD2ZlryPYBkbV8D9xxcvU0j/aw==}
    dependencies:
      '@babel/parser': 7.17.12
      '@vue/compiler-core': 3.2.34
      '@vue/compiler-dom': 3.2.34
      '@vue/compiler-ssr': 3.2.34
      '@vue/reactivity-transform': 3.2.34
      '@vue/shared': 3.2.34
      estree-walker: 2.0.2
      magic-string: 0.25.9
      postcss: 8.4.14
      source-map: 0.6.1
    dev: false

  /@vue/compiler-ssr/3.2.34:
    resolution: {integrity: sha512-zyaMdGJhxoA34ibWsXF7VH1PO5yrNB1MZg/ByRfXGM8JefGQaz+PpHvBy/5OI0ehEyhAyCb7279JdhYHacMZbw==}
    dependencies:
      '@vue/compiler-dom': 3.2.34
      '@vue/shared': 3.2.34
    dev: false

  /@vue/reactivity-transform/3.2.34:
    resolution: {integrity: sha512-OtsrL4/i6Md279pMhZ8wRijeDhPSdnXrH9wmqAcKDhVcp1L2kSWlgVVLa1jGIyyFYE806YiJNJiGBvXPGXMzxw==}
    dependencies:
      '@babel/parser': 7.17.12
      '@vue/compiler-core': 3.2.34
      '@vue/shared': 3.2.34
      estree-walker: 2.0.2
      magic-string: 0.25.9
    dev: false

  /@vue/shared/3.2.34:
    resolution: {integrity: sha512-zhEeB8TrFmTXmTXmu/wcjEhgrjO4xqdDQrCdPhjX7NxfoLqoBVKguOm8qyihWNLbP+41svYY4za9mqXyqFLzNg==}
    dev: false

  /estree-walker/2.0.2:
    resolution: {integrity: sha512-Rfkk/Mp/DL7JVje3u18FxFujQlTNR2q6QfMSMB7AvCBx91NGj/ba3kCfza0f6dVDbw7YlRf/nDrn7pQrCCyQ/w==}
    dev: false

  /magic-string/0.25.9:
    resolution: {integrity: sha512-RmF0AsMzgt25qzqqLc1+MbHmhdx0ojF2Fvs4XnOqz2ZOBXzzkEwc/dJQZCYHAn7v1jbVOjAZfK8msRn4BxO4VQ==}
    dependencies:
      sourcemap-codec: 1.4.8
    dev: false

  /magic-string/0.26.2:
    resolution: {integrity: sha512-NzzlXpclt5zAbmo6h6jNc8zl2gNRGHvmsZW4IvZhTC4W7k4OlLP+S5YLussa/r3ixNT66KOQfNORlXHSOy/X4A==}
    engines: {node: '>=12'}
    dependencies:
      sourcemap-codec: 1.4.8
    dev: false

  /nanoid/3.3.4:
    resolution: {integrity: sha512-MqBkQh/OHTS2egovRtLk45wEyNXwF+cokD+1YPf9u5VfJiRdAiRwB2froX5Co9Rh20xs4siNPm8naNotSD6RBw==}
    engines: {node: ^10 || ^12 || ^13.7 || ^14 || >=15.0.1}
    hasBin: true
    dev: false

  /picocolors/1.0.0:
    resolution: {integrity: sha512-1fygroTLlHu66zi26VoTDv8yRgm0Fccecssto+MhsZ0D/DGW2sm8E8AjW7NU5VVTRt5GxbeZ5qBuJr+HyLYkjQ==}
    dev: false

  /postcss/8.4.14:
    resolution: {integrity: sha512-E398TUmfAYFPBSdzgeieK2Y1+1cpdxJx8yXbK/m57nRhKSmk1GB2tO4lbLBtlkfPQTDKfe4Xqv1ASWPpayPEig==}
    engines: {node: ^10 || ^12 || >=14}
    dependencies:
      nanoid: 3.3.4
      picocolors: 1.0.0
      source-map-js: 1.0.2
    dev: false

  /source-map-js/1.0.2:
    resolution: {integrity: sha512-R0XvVJ9WusLiqTCEiGCmICCMplcCkIwwR11mOSD9CR5u+IXYdiseeEuXCVAjS54zqwkLcPNnmU4OeJ6tUrWhDw==}
    engines: {node: '>=0.10.0'}
    dev: false

  /source-map/0.6.1:
    resolution: {integrity: sha512-UjgapumWlbMhkBgzT7Ykc5YXUT46F0iKu8SGXq0bcwP5dz/h0Plj6enJqjz1Zbq2l5WaqYnrVbwWOWMyF3F47g==}
    engines: {node: '>=0.10.0'}
    dev: false

  /sourcemap-codec/1.4.8:
    resolution: {integrity: sha512-9NykojV5Uih4lgo5So5dtw+f0JgJX30KCNI8gwhz2J9A15wD0Ml6tjHKwf6fTSa6fAdVBdZeNOs9eJ71qCk8vA==}
    dev: false

  /to-fast-properties/2.0.0:
    resolution: {integrity: sha1-3F5pjL0HkmW8c+A3doGk5Og/YW4=}
    engines: {node: '>=4'}
    dev: false
